// !$*UTF8*$!
{
	archiveVersion = 1;
	classes = {
	};
	objectVersion = 56;
	objects = {

/* Begin PBXBuildFile section */
		A87BD65A2B0A23E200A7DF19 /* MapView.swift in Sources */ = {isa = PBXBuildFile; fileRef = A87BD6592B0A23E200A7DF19 /* MapView.swift */; };
		A87BD65D2B0EB08500A7DF19 /* WeatherView.swift in Sources */ = {isa = PBXBuildFile; fileRef = A87BD65C2B0EB08500A7DF19 /* WeatherView.swift */; };
		A8AC71AE2B095B9300AD217C /* NittinCSE335Phase2App.swift in Sources */ = {isa = PBXBuildFile; fileRef = A8AC71AD2B095B9300AD217C /* NittinCSE335Phase2App.swift */; };
		A8AC71B02B095B9300AD217C /* ContentView.swift in Sources */ = {isa = PBXBuildFile; fileRef = A8AC71AF2B095B9300AD217C /* ContentView.swift */; };
		A8AC71B22B095B9400AD217C /* Assets.xcassets in Resources */ = {isa = PBXBuildFile; fileRef = A8AC71B12B095B9400AD217C /* Assets.xcassets */; };
		A8AC71B52B095B9400AD217C /* Preview Assets.xcassets in Resources */ = {isa = PBXBuildFile; fileRef = A8AC71B42B095B9400AD217C /* Preview Assets.xcassets */; };
		A8AC71B72B095B9400AD217C /* Persistence.swift in Sources */ = {isa = PBXBuildFile; fileRef = A8AC71B62B095B9400AD217C /* Persistence.swift */; };
		A8AC71BA2B095B9400AD217C /* NittinCSE335Phase2.xcdatamodeld in Sources */ = {isa = PBXBuildFile; fileRef = A8AC71B82B095B9400AD217C /* NittinCSE335Phase2.xcdatamodeld */; };
		A8AC71C12B09718500AD217C /* Userinfomanage.swift in Sources */ = {isa = PBXBuildFile; fileRef = A8AC71C02B09718500AD217C /* Userinfomanage.swift */; };
		A8AC71C32B097EA500AD217C /* Activityview.swift in Sources */ = {isa = PBXBuildFile; fileRef = A8AC71C22B097EA500AD217C /* Activityview.swift */; };
		A8AC71C52B0986FF00AD217C /* Detail.swift in Sources */ = {isa = PBXBuildFile; fileRef = A8AC71C42B0986FF00AD217C /* Detail.swift */; };
		A8AC71C72B09883900AD217C /* DetailView.swift in Sources */ = {isa = PBXBuildFile; fileRef = A8AC71C62B09883900AD217C /* DetailView.swift */; };
/* End PBXBuildFile section */

/* Begin PBXFileReference section */
		A87BD6592B0A23E200A7DF19 /* MapView.swift */ = {isa = PBXFileReference; lastKnownFileType = sourcecode.swift; path = MapView.swift; sourceTree = "<group>"; };
		A87BD65B2B0DD72200A7DF19 /* Info.plist */ = {isa = PBXFileReference; lastKnownFileType = text.plist; path = Info.plist; sourceTree = "<group>"; };
		A87BD65C2B0EB08500A7DF19 /* WeatherView.swift */ = {isa = PBXFileReference; lastKnownFileType = sourcecode.swift; path = WeatherView.swift; sourceTree = "<group>"; };
		A8AC71AA2B095B9200AD217C /* NittinCSE335Phase2.app */ = {isa = PBXFileReference; explicitFileType = wrapper.application; includeInIndex = 0; path = NittinCSE335Phase2.app; sourceTree = BUILT_PRODUCTS_DIR; };
		A8AC71AD2B095B9300AD217C /* NittinCSE335Phase2App.swift */ = {isa = PBXFileReference; lastKnownFileType = sourcecode.swift; path = NittinCSE335Phase2App.swift; sourceTree = "<group>"; };
		A8AC71AF2B095B9300AD217C /* ContentView.swift */ = {isa = PBXFileReference; lastKnownFileType = sourcecode.swift; path = ContentView.swift; sourceTree = "<group>"; };
		A8AC71B12B095B9400AD217C /* Assets.xcassets */ = {isa = PBXFileReference; lastKnownFileType = folder.assetcatalog; path = Assets.xcassets; sourceTree = "<group>"; };
		A8AC71B42B095B9400AD217C /* Preview Assets.xcassets */ = {isa = PBXFileReference; lastKnownFileType = folder.assetcatalog; path = "Preview Assets.xcassets"; sourceTree = "<group>"; };
		A8AC71B62B095B9400AD217C /* Persistence.swift */ = {isa = PBXFileReference; lastKnownFileType = sourcecode.swift; path = Persistence.swift; sourceTree = "<group>"; };
		A8AC71B92B095B9400AD217C /* NittinCSE335Phase2.xcdatamodel */ = {isa = PBXFileReference; lastKnownFileType = wrapper.xcdatamodel; path = NittinCSE335Phase2.xcdatamodel; sourceTree = "<group>"; };
		A8AC71C02B09718500AD217C /* Userinfomanage.swift */ = {isa = PBXFileReference; lastKnownFileType = sourcecode.swift; path = Userinfomanage.swift; sourceTree = "<group>"; };
		A8AC71C22B097EA500AD217C /* Activityview.swift */ = {isa = PBXFileReference; lastKnownFileType = sourcecode.swift; path = Activityview.swift; sourceTree = "<group>"; };
		A8AC71C42B0986FF00AD217C /* Detail.swift */ = {isa = PBXFileReference; lastKnownFileType = sourcecode.swift; path = Detail.swift; sourceTree = "<group>"; };
		A8AC71C62B09883900AD217C /* DetailView.swift */ = {isa = PBXFileReference; lastKnownFileType = sourcecode.swift; path = DetailView.swift; sourceTree = "<group>"; };
/* End PBXFileReference section */

/* Begin PBXFrameworksBuildPhase section */
		A8AC71A72B095B9200AD217C /* Frameworks */ = {
			isa = PBXFrameworksBuildPhase;
			buildActionMask = 2147483647;
			files = (
			);
			runOnlyForDeploymentPostprocessing = 0;
		};
/* End PBXFrameworksBuildPhase section */

/* Begin PBXGroup section */
		A8AC71A12B095B9200AD217C = {
			isa = PBXGroup;
			children = (
				A8AC71AC2B095B9200AD217C /* NittinCSE335Phase2 */,
				A8AC71AB2B095B9200AD217C /* Products */,
			);
			sourceTree = "<group>";
		};
		A8AC71AB2B095B9200AD217C /* Products */ = {
			isa = PBXGroup;
			children = (
				A8AC71AA2B095B9200AD217C /* NittinCSE335Phase2.app */,
			);
			name = Products;
			sourceTree = "<group>";
		};
		A8AC71AC2B095B9200AD217C /* NittinCSE335Phase2 */ = {
			isa = PBXGroup;
			children = (
				A87BD65B2B0DD72200A7DF19 /* Info.plist */,
				A8AC71AD2B095B9300AD217C /* NittinCSE335Phase2App.swift */,
				A8AC71AF2B095B9300AD217C /* ContentView.swift */,
				A8AC71B12B095B9400AD217C /* Assets.xcassets */,
				A8AC71C62B09883900AD217C /* DetailView.swift */,
				A8AC71B62B095B9400AD217C /* Persistence.swift */,
				A8AC71B82B095B9400AD217C /* NittinCSE335Phase2.xcdatamodeld */,
				A8AC71C42B0986FF00AD217C /* Detail.swift */,
				A8AC71B32B095B9400AD217C /* Preview Content */,
				A8AC71C02B09718500AD217C /* Userinfomanage.swift */,
				A8AC71C22B097EA500AD217C /* Activityview.swift */,
				A87BD6592B0A23E200A7DF19 /* MapView.swift */,
				A87BD65C2B0EB08500A7DF19 /* WeatherView.swift */,
			);
			path = NittinCSE335Phase2;
			sourceTree = "<group>";
		};
		A8AC71B32B095B9400AD217C /* Preview Content */ = {
			isa = PBXGroup;
			children = (
				A8AC71B42B095B9400AD217C /* Preview Assets.xcassets */,
			);
			path = "Preview Content";
			sourceTree = "<group>";
		};
/* End PBXGroup section */

/* Begin PBXNativeTarget section */
		A8AC71A92B095B9200AD217C /* NittinCSE335Phase2 */ = {
			isa = PBXNativeTarget;
			buildConfigurationList = A8AC71BD2B095B9400AD217C /* Build configuration list for PBXNativeTarget "NittinCSE335Phase2" */;
			buildPhases = (
				A8AC71A62B095B9200AD217C /* Sources */,
				A8AC71A72B095B9200AD217C /* Frameworks */,
				A8AC71A82B095B9200AD217C /* Resources */,
			);
			buildRules = (
			);
			dependencies = (
			);
			name = NittinCSE335Phase2;
			productName = NittinCSE335Phase2;
			productReference = A8AC71AA2B095B9200AD217C /* NittinCSE335Phase2.app */;
			productType = "com.apple.product-type.application";
		};
/* End PBXNativeTarget section */

/* Begin PBXProject section */
		A8AC71A22B095B9200AD217C /* Project object */ = {
			isa = PBXProject;
			attributes = {
				BuildIndependentTargetsInParallel = 1;
				LastSwiftUpdateCheck = 1430;
				LastUpgradeCheck = 1430;
				TargetAttributes = {
					A8AC71A92B095B9200AD217C = {
						CreatedOnToolsVersion = 14.3.1;
					};
				};
			};
			buildConfigurationList = A8AC71A52B095B9200AD217C /* Build configuration list for PBXProject "NittinCSE335Phase2" */;
			compatibilityVersion = "Xcode 14.0";
			developmentRegion = en;
			hasScannedForEncodings = 0;
			knownRegions = (
				en,
				Base,
			);
			mainGroup = A8AC71A12B095B9200AD217C;
			productRefGroup = A8AC71AB2B095B9200AD217C /* Products */;
			projectDirPath = "";
			projectRoot = "";
			targets = (
				A8AC71A92B095B9200AD217C /* NittinCSE335Phase2 */,
			);
		};
/* End PBXProject section */

/* Begin PBXResourcesBuildPhase section */
		A8AC71A82B095B9200AD217C /* Resources */ = {
			isa = PBXResourcesBuildPhase;
			buildActionMask = 2147483647;
			files = (
				A8AC71B52B095B9400AD217C /* Preview Assets.xcassets in Resources */,
				A8AC71B22B095B9400AD217C /* Assets.xcassets in Resources */,
			);
			runOnlyForDeploymentPostprocessing = 0;
		};
/* End PBXResourcesBuildPhase section */

/* Begin PBXSourcesBuildPhase section */
		A8AC71A62B095B9200AD217C /* Sources */ = {
			isa = PBXSourcesBuildPhase;
			buildActionMask = 2147483647;
			files = (
				A8AC71C12B09718500AD217C /* Userinfomanage.swift in Sources */,
				A8AC71C72B09883900AD217C /* DetailView.swift in Sources */,
				A8AC71C52B0986FF00AD217C /* Detail.swift in Sources */,
				A8AC71B72B095B9400AD217C /* Persistence.swift in Sources */,
				A8AC71B02B095B9300AD217C /* ContentView.swift in Sources */,
				A87BD65D2B0EB08500A7DF19 /* WeatherView.swift in Sources */,
				A8AC71C32B097EA500AD217C /* Activityview.swift in Sources */,
				A8AC71BA2B095B9400AD217C /* NittinCSE335Phase2.xcdatamodeld in Sources */,
				A87BD65A2B0A23E200A7DF19 /* MapView.swift in Sources */,
				A8AC71AE2B095B9300AD217C /* NittinCSE335Phase2App.swift in Sources */,
			);
			runOnlyForDeploymentPostprocessing = 0;
		};
/* End PBXSourcesBuildPhase section */

/* Begin XCBuildConfiguration section */
		A8AC71BB2B095B9400AD217C /* Debug */ = {
			isa = XCBuildConfiguration;
			buildSettings = {
				ALWAYS_SEARCH_USER_PATHS = NO;
				CLANG_ANALYZER_NONNULL = YES;
				CLANG_ANALYZER_NUMBER_OBJECT_CONVERSION = YES_AGGRESSIVE;
				CLANG_CXX_LANGUAGE_STANDARD = "gnu++20";
				CLANG_ENABLE_MODULES = YES;
				CLANG_ENABLE_OBJC_ARC = YES;
				CLANG_ENABLE_OBJC_WEAK = YES;
				CLANG_WARN_BLOCK_CAPTURE_AUTORELEASING = YES;
				CLANG_WARN_BOOL_CONVERSION = YES;
				CLANG_WARN_COMMA = YES;
				CLANG_WARN_CONSTANT_CONVERSION = YES;
				CLANG_WARN_DEPRECATED_OBJC_IMPLEMENTATIONS = YES;
				CLANG_WARN_DIRECT_OBJC_ISA_USAGE = YES_ERROR;
				CLANG_WARN_DOCUMENTATION_COMMENTS = YES;
				CLANG_WARN_EMPTY_BODY = YES;
				CLANG_WARN_ENUM_CONVERSION = YES;
				CLANG_WARN_INFINITE_RECURSION = YES;
				CLANG_WARN_INT_CONVERSION = YES;
				CLANG_WARN_NON_LITERAL_NULL_CONVERSION = YES;
				CLANG_WARN_OBJC_IMPLICIT_RETAIN_SELF = YES;
				CLANG_WARN_OBJC_LITERAL_CONVERSION = YES;
				CLANG_WARN_OBJC_ROOT_CLASS = YES_ERROR;
				CLANG_WARN_QUOTED_INCLUDE_IN_FRAMEWORK_HEADER = YES;
				CLANG_WARN_RANGE_LOOP_ANALYSIS = YES;
				CLANG_WARN_STRICT_PROTOTYPES = YES;
				CLANG_WARN_SUSPICIOUS_MOVE = YES;
				CLANG_WARN_UNGUARDED_AVAILABILITY = YES_AGGRESSIVE;
				CLANG_WARN_UNREACHABLE_CODE = YES;
				CLANG_WARN__DUPLICATE_METHOD_MATCH = YES;
				COPY_PHASE_STRIP = NO;
				DEBUG_INFORMATION_FORMAT = dwarf;
				ENABLE_STRICT_OBJC_MSGSEND = YES;
				ENABLE_TESTABILITY = YES;
				GCC_C_LANGUAGE_STANDARD = gnu11;
				GCC_DYNAMIC_NO_PIC = NO;
				GCC_NO_COMMON_BLOCKS = YES;
				GCC_OPTIMIZATION_LEVEL = 0;
				GCC_PREPROCESSOR_DEFINITIONS = (
					"DEBUG=1",
					"$(inherited)",
				);
				GCC_WARN_64_TO_32_BIT_CONVERSION = YES;
				GCC_WARN_ABOUT_RETURN_TYPE = YES_ERROR;
				GCC_WARN_UNDECLARED_SELECTOR = YES;
				GCC_WARN_UNINITIALIZED_AUTOS = YES_AGGRESSIVE;
				GCC_WARN_UNUSED_FUNCTION = YES;
				GCC_WARN_UNUSED_VARIABLE = YES;
				IPHONEOS_DEPLOYMENT_TARGET = 16.4;
				MTL_ENABLE_DEBUG_INFO = INCLUDE_SOURCE;
				MTL_FAST_MATH = YES;
				ONLY_ACTIVE_ARCH = YES;
				SDKROOT = iphoneos;
				SWIFT_ACTIVE_COMPILATION_CONDITIONS = DEBUG;
				SWIFT_OPTIMIZATION_LEVEL = "-Onone";
			};
			name = Debug;
		};
		A8AC71BC2B095B9400AD217C /* Release */ = {
			isa = XCBuildConfiguration;
			buildSettings = {
				ALWAYS_SEARCH_USER_PATHS = NO;
				CLANG_ANALYZER_NONNULL = YES;
				CLANG_ANALYZER_NUMBER_OBJECT_CONVERSION = YES_AGGRESSIVE;
				CLANG_CXX_LANGUAGE_STANDARD = "gnu++20";
				CLANG_ENABLE_MODULES = YES;
				CLANG_ENABLE_OBJC_ARC = YES;
				CLANG_ENABLE_OBJC_WEAK = YES;
				CLANG_WARN_BLOCK_CAPTURE_AUTORELEASING = YES;
				CLANG_WARN_BOOL_CONVERSION = YES;
				CLANG_WARN_COMMA = YES;
				CLANG_WARN_CONSTANT_CONVERSION = YES;
				CLANG_WARN_DEPRECATED_OBJC_IMPLEMENTATIONS = YES;
				CLANG_WARN_DIRECT_OBJC_ISA_USAGE = YES_ERROR;
				CLANG_WARN_DOCUMENTATION_COMMENTS = YES;
				CLANG_WARN_EMPTY_BODY = YES;
				CLANG_WARN_ENUM_CONVERSION = YES;
				CLANG_WARN_INFINITE_RECURSION = YES;
				CLANG_WARN_INT_CONVERSION = YES;
				CLANG_WARN_NON_LITERAL_NULL_CONVERSION = YES;
				CLANG_WARN_OBJC_IMPLICIT_RETAIN_SELF = YES;
				CLANG_WARN_OBJC_LITERAL_CONVERSION = YES;
				CLANG_WARN_OBJC_ROOT_CLASS = YES_ERROR;
				CLANG_WARN_QUOTED_INCLUDE_IN_FRAMEWORK_HEADER = YES;
				CLANG_WARN_RANGE_LOOP_ANALYSIS = YES;
				CLANG_WARN_STRICT_PROTOTYPES = YES;
				CLANG_WARN_SUSPICIOUS_MOVE = YES;
				CLANG_WARN_UNGUARDED_AVAILABILITY = YES_AGGRESSIVE;
				CLANG_WARN_UNREACHABLE_CODE = YES;
				CLANG_WARN__DUPLICATE_METHOD_MATCH = YES;
				COPY_PHASE_STRIP = NO;
				DEBUG_INFORMATION_FORMAT = "dwarf-with-dsym";
				ENABLE_NS_ASSERTIONS = NO;
				ENABLE_STRICT_OBJC_MSGSEND = YES;
				GCC_C_LANGUAGE_STANDARD = gnu11;
				GCC_NO_COMMON_BLOCKS = YES;
				GCC_WARN_64_TO_32_BIT_CONVERSION = YES;
				GCC_WARN_ABOUT_RETURN_TYPE = YES_ERROR;
				GCC_WARN_UNDECLARED_SELECTOR = YES;
				GCC_WARN_UNINITIALIZED_AUTOS = YES_AGGRESSIVE;
				GCC_WARN_UNUSED_FUNCTION = YES;
				GCC_WARN_UNUSED_VARIABLE = YES;
				IPHONEOS_DEPLOYMENT_TARGET = 16.4;
				MTL_ENABLE_DEBUG_INFO = NO;
				MTL_FAST_MATH = YES;
				SDKROOT = iphoneos;
				SWIFT_COMPILATION_MODE = wholemodule;
				SWIFT_OPTIMIZATION_LEVEL = "-O";
				VALIDATE_PRODUCT = YES;
			};
			name = Release;
		};
		A8AC71BE2B095B9400AD217C /* Debug */ = {
			isa = XCBuildConfiguration;
			buildSettings = {
				ASSETCATALOG_COMPILER_APPICON_NAME = AppIcon;
				ASSETCATALOG_COMPILER_GLOBAL_ACCENT_COLOR_NAME = AccentColor;
				CODE_SIGN_STYLE = Automatic;
				CURRENT_PROJECT_VERSION = 1;
				DEVELOPMENT_ASSET_PATHS = "\"NittinCSE335Phase2/Preview Content\"";
				ENABLE_PREVIEWS = YES;
				GENERATE_INFOPLIST_FILE = YES;
				INFOPLIST_FILE = NittinCSE335Phase2/Info.plist;
				INFOPLIST_KEY_UIApplicationSceneManifest_Generation = YES;
				INFOPLIST_KEY_UIApplicationSupportsIndirectInputEvents = YES;
				INFOPLIST_KEY_UILaunchScreen_Generation = YES;
				INFOPLIST_KEY_UISupportedInterfaceOrientations_iPad = "UIInterfaceOrientationPortrait UIInterfaceOrientationPortraitUpsideDown UIInterfaceOrientationLandscapeLeft UIInterfaceOrientationLandscapeRight";
				INFOPLIST_KEY_UISupportedInterfaceOrientations_iPhone = "UIInterfaceOrientationPortrait UIInterfaceOrientationLandscapeLeft UIInterfaceOrientationLandscapeRight";
				LD_RUNPATH_SEARCH_PATHS = (
					"$(inherited)",
					"@executable_path/Frameworks",
				);
				MARKETING_VERSION = 1.0;
				PRODUCT_BUNDLE_IDENTIFIER = Nittin.NittinCSE335Phase2;
				PRODUCT_NAME = "$(TARGET_NAME)";
				SWIFT_EMIT_LOC_STRINGS = YES;
				SWIFT_VERSION = 5.0;
				TARGETED_DEVICE_FAMILY = "1,2";
			};
			name = Debug;
		};
		A8AC71BF2B095B9400AD217C /* Release */ = {
			isa = XCBuildConfiguration;
			buildSettings = {
				ASSETCATALOG_COMPILER_APPICON_NAME = AppIcon;
				ASSETCATALOG_COMPILER_GLOBAL_ACCENT_COLOR_NAME = AccentColor;
				CODE_SIGN_STYLE = Automatic;
				CURRENT_PROJECT_VERSION = 1;
				DEVELOPMENT_ASSET_PATHS = "\"NittinCSE335Phase2/Preview Content\"";
				ENABLE_PREVIEWS = YES;
				GENERATE_INFOPLIST_FILE = YES;
				INFOPLIST_FILE = NittinCSE335Phase2/Info.plist;
				INFOPLIST_KEY_UIApplicationSceneManifest_Generation = YES;
				INFOPLIST_KEY_UIApplicationSupportsIndirectInputEvents = YES;
				INFOPLIST_KEY_UILaunchScreen_Generation = YES;
				INFOPLIST_KEY_UISupportedInterfaceOrientations_iPad = "UIInterfaceOrientationPortrait UIInterfaceOrientationPortraitUpsideDown UIInterfaceOrientationLandscapeLeft UIInterfaceOrientationLandscapeRight";
				INFOPLIST_KEY_UISupportedInterfaceOrientations_iPhone = "UIInterfaceOrientationPortrait UIInterfaceOrientationLandscapeLeft UIInterfaceOrientationLandscapeRight";
				LD_RUNPATH_SEARCH_PATHS = (
					"$(inherited)",
					"@executable_path/Frameworks",
				);
				MARKETING_VERSION = 1.0;
				PRODUCT_BUNDLE_IDENTIFIER = Nittin.NittinCSE335Phase2;
				PRODUCT_NAME = "$(TARGET_NAME)";
				SWIFT_EMIT_LOC_STRINGS = YES;
				SWIFT_VERSION = 5.0;
				TARGETED_DEVICE_FAMILY = "1,2";
			};
			name = Release;
		};
/* End XCBuildConfiguration section */

/* Begin XCConfigurationList section */
		A8AC71A52B095B9200AD217C /* Build configuration list for PBXProject "NittinCSE335Phase2" */ = {
			isa = XCConfigurationList;
			buildConfigurations = (
				A8AC71BB2B095B9400AD217C /* Debug */,
				A8AC71BC2B095B9400AD217C /* Release */,
			);
			defaultConfigurationIsVisible = 0;
			defaultConfigurationName = Release;
		};
		A8AC71BD2B095B9400AD217C /* Build configuration list for PBXNativeTarget "NittinCSE335Phase2" */ = {
			isa = XCConfigurationList;
			buildConfigurations = (
				A8AC71BE2B095B9400AD217C /* Debug */,
				A8AC71BF2B095B9400AD217C /* Release */,
			);
			defaultConfigurationIsVisible = 0;
			defaultConfigurationName = Release;
		};
/* End XCConfigurationList section */

/* Begin XCVersionGroup section */
		A8AC71B82B095B9400AD217C /* NittinCSE335Phase2.xcdatamodeld */ = {
			isa = XCVersionGroup;
			children = (
				A8AC71B92B095B9400AD217C /* NittinCSE335Phase2.xcdatamodel */,
			);
			currentVersion = A8AC71B92B095B9400AD217C /* NittinCSE335Phase2.xcdatamodel */;
			path = NittinCSE335Phase2.xcdatamodeld;
			sourceTree = "<group>";
			versionGroupType = wrapper.xcdatamodel;
		};
/* End XCVersionGroup section */
	};
	rootObject = A8AC71A22B095B9200AD217C /* Project object */;
}
